<?xml version="1.0" encoding="UTF-8" standalone="yes" ?>
<CodeBlocks_project_file>
	<FileVersion major="1" minor="6" />
	<Project>
		<Option title="MultiplayerGame" />
		<Option pch_mode="2" />
		<Option compiler="gcc" />
		<Build>
			<Target title="Debug">
				<Option output="../MultiplayerGame_Debug" prefix_auto="1" extension_auto="1" />
				<Option working_dir="../" />
				<Option object_output="../obj/Debug/" />
				<Option type="1" />
				<Option compiler="gcc" />
				<Compiler>
					<Add option="-g" />
				</Compiler>
				<Linker>
					<Add option="-lsc0-utility-d" />
					<Add option="-lsfml-network-d" />
					<Add option="-lsfml-graphics-d" />
					<Add option="-lsfml-window-d" />
					<Add option="-lsfml-system-d" />
				</Linker>
			</Target>
			<Target title="Release">
				<Option output="../MultiplayerGame" prefix_auto="1" extension_auto="1" />
				<Option working_dir="../" />
				<Option object_output="../obj/Release/" />
				<Option type="1" />
				<Option compiler="gcc" />
				<Compiler>
					<Add option="-O2" />
				</Compiler>
				<Linker>
					<Add option="-s" />
					<Add option="-lsc0-utility" />
					<Add option="-lsfml-network" />
					<Add option="-lsfml-graphics" />
					<Add option="-lsfml-window" />
					<Add option="-lsfml-system" />
				</Linker>
			</Target>
		</Build>
		<Compiler>
			<Add option="-Wall" />
		</Compiler>
		<Unit filename="Constants.hpp" />
		<Unit filename="client/Client.cpp" />
		<Unit filename="client/Client.hpp" />
		<Unit filename="client/ClientController.cpp" />
		<Unit filename="client/ClientController.hpp" />
		<Unit filename="client/LanDiscovery.cpp" />
		<Unit filename="client/LanDiscovery.hpp" />
		<Unit filename="client/LobbyClientController.cpp" />
		<Unit filename="client/LobbyClientController.hpp" />
		<Unit filename="client/VerifyClientController.cpp" />
		<Unit filename="client/VerifyClientController.hpp" />
		<Unit filename="game/Unit.hpp" />
		<Unit filename="main.cpp" />
		<Unit filename="net/Broadcast/Packet.cpp" />
		<Unit filename="net/Broadcast/Packet.hpp" />
		<Unit filename="net/Broadcast/SearchPacket.cpp" />
		<Unit filename="net/Broadcast/SearchPacket.hpp" />
		<Unit filename="net/Broadcast/ServerInfoPacket.cpp" />
		<Unit filename="net/Broadcast/ServerInfoPacket.hpp" />
		<Unit filename="net/Lobby/Packet.cpp" />
		<Unit filename="net/Lobby/Packet.hpp" />
		<Unit filename="net/Lobby/StartPacket.cpp" />
		<Unit filename="net/Lobby/StartPacket.hpp" />
		<Unit filename="net/Lobby/UnitAllocationPacket.cpp" />
		<Unit filename="net/Lobby/UnitAllocationPacket.hpp" />
		<Unit filename="net/PacketBase.hpp" />
		<Unit filename="net/Verify/ClientUsernamePacket.cpp" />
		<Unit filename="net/Verify/ClientUsernamePacket.hpp" />
		<Unit filename="net/Verify/ContinuePacket.cpp" />
		<Unit filename="net/Verify/ContinuePacket.hpp" />
		<Unit filename="net/Verify/Packet.cpp" />
		<Unit filename="net/Verify/Packet.hpp" />
		<Unit filename="net/Verify/VersionPacket.cpp" />
		<Unit filename="net/Verify/VersionPacket.hpp" />
		<Unit filename="server/Client.cpp" />
		<Unit filename="server/Client.hpp" />
		<Unit filename="server/ClientController.cpp" />
		<Unit filename="server/ClientController.hpp" />
		<Unit filename="server/LanDiscovery.cpp" />
		<Unit filename="server/LanDiscovery.hpp" />
		<Unit filename="server/LobbyClientController.cpp" />
		<Unit filename="server/LobbyClientController.hpp" />
		<Unit filename="server/Server.cpp" />
		<Unit filename="server/Server.hpp" />
		<Unit filename="server/VerifyClientController.cpp" />
		<Unit filename="server/VerifyClientController.hpp" />
		<Extensions>
			<code_completion />
			<envvars />
			<debugger />
		</Extensions>
	</Project>
</CodeBlocks_project_file>
